
Microsoft Visual Studio Solution File, Format Version 12.00
# Visual Studio Version 16
VisualStudioVersion = 16.0.32413.511
MinimumVisualStudioVersion = 10.0.40219.1
Project("{FAE04EC0-301F-11D3-BF4B-00C04F79EFBC}") = "DemoExchange", "DemoExchange\DemoExchange.csproj", "{6DCA3F4A-8B3F-40B1-B334-3ABE57013DC9}"
EndProject
Global
	GlobalSection(SolutionConfigurationPlatforms) = preSolution
		Debug|Any CPU = Debug|Any CPU
		Release|Any CPU = Release|Any CPU
	EndGlobalSection
	GlobalSection(ProjectConfigurationPlatforms) = postSolution
		{6DCA3F4A-8B3F-40B1-B334-3ABE57013DC9}.Debug|Any CPU.ActiveCfg = Debug|Any CPU
		{6DCA3F4A-8B3F-40B1-B334-3ABE57013DC9}.Debug|Any CPU.Build.0 = Debug|Any CPU
		{6DCA3F4A-8B3F-40B1-B334-3ABE57013DC9}.Release|Any CPU.ActiveCfg = Release|Any CPU
		{6DCA3F4A-8B3F-40B1-B334-3ABE57013DC9}.Release|Any CPU.Build.0 = Release|Any CPU
	EndGlobalSection
	GlobalSection(SolutionProperties) = preSolution
		HideSolutionNode = FALSE
	EndGlobalSection
	GlobalSection(ExtensibilityGlobals) = postSolution
		SolutionGuid = {E3511AA9-E0A4-49C7-B49C-87964E8376B1}
	EndGlobalSection
EndGlobal
